<?xml version="1.0" encoding="utf-8"?>
<Project ToolsVersion="4.0" xmlns="http://schemas.microsoft.com/developer/msbuild/2003">
  <ItemGroup>
    <Filter Include="Game">
      <UniqueIdentifier>{09050d4e-080b-4447-9e87-5e6af6d0ba56}</UniqueIdentifier>
    </Filter>
    <Filter Include="Main">
      <UniqueIdentifier>{eed36b81-cfc2-4f91-a251-49222ca7ddbf}</UniqueIdentifier>
    </Filter>
    <Filter Include="Shader">
      <UniqueIdentifier>{34684586-838a-4471-8f0c-df191462e4ed}</UniqueIdentifier>
    </Filter>
    <Filter Include="Main\Camera">
      <UniqueIdentifier>{2401298c-b8f5-49c0-9a64-cefce849d698}</UniqueIdentifier>
    </Filter>
  </ItemGroup>
  <ItemGroup>
    <ClCompile Include="pch.cpp">
      <Filter>Main</Filter>
    </ClCompile>
    <ClCompile Include="Main.cpp">
      <Filter>Main</Filter>
    </ClCompile>
    <ClCompile Include="01.TriangleDemo.cpp">
      <Filter>Game</Filter>
    </ClCompile>
    <ClCompile Include="02.QuadDemo.cpp">
      <Filter>Game</Filter>
    </ClCompile>
    <ClCompile Include="03.ConstantBufferDemo.cpp">
      <Filter>Game</Filter>
    </ClCompile>
    <ClCompile Include="04.CameraDemo.cpp">
      <Filter>Game</Filter>
    </ClCompile>
    <ClCompile Include="CameraScript.cpp">
      <Filter>Main\Camera</Filter>
    </ClCompile>
    <ClCompile Include="05.TextureDemo.cpp">
      <Filter>Game</Filter>
    </ClCompile>
    <ClCompile Include="06.SamplerDemo.cpp">
      <Filter>Game</Filter>
    </ClCompile>
    <ClCompile Include="07.HeightMapDemo.cpp">
      <Filter>Game</Filter>
    </ClCompile>
  </ItemGroup>
  <ItemGroup>
    <ClInclude Include="pch.h">
      <Filter>Main</Filter>
    </ClInclude>
    <ClInclude Include="Main.h">
      <Filter>Main</Filter>
    </ClInclude>
    <ClInclude Include="01.TriangleDemo.h">
      <Filter>Game</Filter>
    </ClInclude>
    <ClInclude Include="02.QuadDemo.h">
      <Filter>Game</Filter>
    </ClInclude>
    <ClInclude Include="03.ConstantBufferDemo.h">
      <Filter>Game</Filter>
    </ClInclude>
    <ClInclude Include="04.CameraDemo.h">
      <Filter>Game</Filter>
    </ClInclude>
    <ClInclude Include="CameraScript.h">
      <Filter>Main\Camera</Filter>
    </ClInclude>
    <ClInclude Include="05.TextureDemo.h">
      <Filter>Game</Filter>
    </ClInclude>
    <ClInclude Include="06.SamplerDemo.h">
      <Filter>Game</Filter>
    </ClInclude>
    <ClInclude Include="07.HeightMapDemo.h">
      <Filter>Game</Filter>
    </ClInclude>
  </ItemGroup>
  <ItemGroup>
    <FxCompile Include="..\Shaders\01.Triangle.fx">
      <Filter>Shader</Filter>
    </FxCompile>
    <FxCompile Include="..\Shaders\02.Quad.fx">
      <Filter>Shader</Filter>
    </FxCompile>
    <FxCompile Include="..\Shaders\03.ConstantBuffer.fx">
      <Filter>Shader</Filter>
    </FxCompile>
    <FxCompile Include="..\Shaders\04.Texture.fx">
      <Filter>Shader</Filter>
    </FxCompile>
    <FxCompile Include="..\Shaders\05.Sampler.fx">
      <Filter>Shader</Filter>
    </FxCompile>
    <FxCompile Include="..\Shaders\06.Terrain.fx">
      <Filter>Shader</Filter>
    </FxCompile>
  </ItemGroup>
</Project>